
Microsoft Visual Studio Solution File, Format Version 12.00
# Visual Studio Version 17
VisualStudioVersion = 17.4.33205.214
MinimumVisualStudioVersion = 10.0.40219.1
Project("{FAE04EC0-301F-11D3-BF4B-00C04F79EFBC}") = "GenericTypes", "GenericTypes\GenericTypes.csproj", "{41F56169-FEE9-4077-AAD5-6CD7E6F63738}"
EndProject
Global
	GlobalSection(SolutionConfigurationPlatforms) = preSolution
		Debug|Any CPU = Debug|Any CPU
		Release|Any CPU = Release|Any CPU
	EndGlobalSection
	GlobalSection(ProjectConfigurationPlatforms) = postSolution
		{41F56169-FEE9-4077-AAD5-6CD7E6F63738}.Debug|Any CPU.ActiveCfg = Debug|Any CPU
		{41F56169-FEE9-4077-AAD5-6CD7E6F63738}.Debug|Any CPU.Build.0 = Debug|Any CPU
		{41F56169-FEE9-4077-AAD5-6CD7E6F63738}.Release|Any CPU.ActiveCfg = Release|Any CPU
		{41F56169-FEE9-4077-AAD5-6CD7E6F63738}.Release|Any CPU.Build.0 = Release|Any CPU
	EndGlobalSection
	GlobalSection(SolutionProperties) = preSolution
		HideSolutionNode = FALSE
	EndGlobalSection
	GlobalSection(ExtensibilityGlobals) = postSolution
		SolutionGuid = {F9C9A470-3A10-4795-A1E1-CF5028B1D101}
	EndGlobalSection
EndGlobal
