
Microsoft Visual Studio Solution File, Format Version 12.00
# Visual Studio Version 17
VisualStudioVersion = 17.4.33205.214
MinimumVisualStudioVersion = 10.0.40219.1
Project("{9A19103F-16F7-4668-BE54-9A1E7A4F7556}") = "introducingNetCore", "introducingNetCore\introducingNetCore.csproj", "{575FA311-24DD-40F3-94E2-4B4BC5C7E041}"
EndProject
Global
	GlobalSection(SolutionConfigurationPlatforms) = preSolution
		Debug|Any CPU = Debug|Any CPU
		Release|Any CPU = Release|Any CPU
	EndGlobalSection
	GlobalSection(ProjectConfigurationPlatforms) = postSolution
		{575FA311-24DD-40F3-94E2-4B4BC5C7E041}.Debug|Any CPU.ActiveCfg = Debug|Any CPU
		{575FA311-24DD-40F3-94E2-4B4BC5C7E041}.Debug|Any CPU.Build.0 = Debug|Any CPU
		{575FA311-24DD-40F3-94E2-4B4BC5C7E041}.Release|Any CPU.ActiveCfg = Release|Any CPU
		{575FA311-24DD-40F3-94E2-4B4BC5C7E041}.Release|Any CPU.Build.0 = Release|Any CPU
	EndGlobalSection
	GlobalSection(SolutionProperties) = preSolution
		HideSolutionNode = FALSE
	EndGlobalSection
	GlobalSection(ExtensibilityGlobals) = postSolution
		SolutionGuid = {2908C177-D275-468D-8801-5E12B776A937}
	EndGlobalSection
EndGlobal
